
Microsoft Visual Studio Solution File, Format Version 12.00
# Visual Studio Version 17
VisualStudioVersion = 17.2.32616.157
MinimumVisualStudioVersion = 10.0.40219.1
Project("{FAE04EC0-301F-11D3-BF4B-00C04F79EFBC}") = "Params_Keyword", "Params_Keyword.csproj", "{84BFFEEC-3B7F-4202-A0DB-0418452B135B}"
EndProject
Global
	GlobalSection(SolutionConfigurationPlatforms) = preSolution
		Debug|Any CPU = Debug|Any CPU
		Release|Any CPU = Release|Any CPU
	EndGlobalSection
	GlobalSection(ProjectConfigurationPlatforms) = postSolution
		{84BFFEEC-3B7F-4202-A0DB-0418452B135B}.Debug|Any CPU.ActiveCfg = Debug|Any CPU
		{84BFFEEC-3B7F-4202-A0DB-0418452B135B}.Debug|Any CPU.Build.0 = Debug|Any CPU
		{84BFFEEC-3B7F-4202-A0DB-0418452B135B}.Release|Any CPU.ActiveCfg = Release|Any CPU
		{84BFFEEC-3B7F-4202-A0DB-0418452B135B}.Release|Any CPU.Build.0 = Release|Any CPU
	EndGlobalSection
	GlobalSection(SolutionProperties) = preSolution
		HideSolutionNode = FALSE
	EndGlobalSection
	GlobalSection(ExtensibilityGlobals) = postSolution
		SolutionGuid = {A79EE596-B91C-49BC-BA4D-C22058E8F59A}
	EndGlobalSection
EndGlobal
